// !$*UTF8*$!
{
	archiveVersion = 1;
	classes = {
	};
	objectVersion = 46;
	objects = {

/* Begin PBXBuildFile section */
		F2912E5C1B1F1A6B00C354F0 /* HBBaseViewController.m in Sources */ = {isa = PBXBuildFile; fileRef = F2912E5B1B1F1A6B00C354F0 /* HBBaseViewController.m */; };
		F2912E5F1B1F1A9F00C354F0 /* HBBaseNavigationController.m in Sources */ = {isa = PBXBuildFile; fileRef = F2912E5E1B1F1A9F00C354F0 /* HBBaseNavigationController.m */; };
		F2912E621B1F1B4900C354F0 /* HBBaseTabBarController.m in Sources */ = {isa = PBXBuildFile; fileRef = F2912E611B1F1B4900C354F0 /* HBBaseTabBarController.m */; };
		F2912E691B1F215500C354F0 /* HBBaseTableViewController.m in Sources */ = {isa = PBXBuildFile; fileRef = F2912E681B1F215500C354F0 /* HBBaseTableViewController.m */; };
		F2912E6C1B1F21B400C354F0 /* HBBaseTableViewCell.m in Sources */ = {isa = PBXBuildFile; fileRef = F2912E6B1B1F21B400C354F0 /* HBBaseTableViewCell.m */; };
		F2912E6F1B1F2A8E00C354F0 /* HBShareTableViewController.m in Sources */ = {isa = PBXBuildFile; fileRef = F2912E6E1B1F2A8E00C354F0 /* HBShareTableViewController.m */; };
		F2912E721B1F2C1200C354F0 /* HBContactsTableViewController.m in Sources */ = {isa = PBXBuildFile; fileRef = F2912E711B1F2C1200C354F0 /* HBContactsTableViewController.m */; };
		F2912E751B1F2C3400C354F0 /* HBMessageTableViewController.m in Sources */ = {isa = PBXBuildFile; fileRef = F2912E741B1F2C3400C354F0 /* HBMessageTableViewController.m */; };
		F2912E7B1B1F334E00C354F0 /* HBShareTableViewCell.m in Sources */ = {isa = PBXBuildFile; fileRef = F2912E7A1B1F334E00C354F0 /* HBShareTableViewCell.m */; };
		F2C96E391B1EF76B001918E0 /* main.m in Sources */ = {isa = PBXBuildFile; fileRef = F2C96E381B1EF76B001918E0 /* main.m */; };
		F2C96E3C1B1EF76B001918E0 /* AppDelegate.m in Sources */ = {isa = PBXBuildFile; fileRef = F2C96E3B1B1EF76B001918E0 /* AppDelegate.m */; };
		F2C96E441B1EF76B001918E0 /* Images.xcassets in Resources */ = {isa = PBXBuildFile; fileRef = F2C96E431B1EF76B001918E0 /* Images.xcassets */; };
		F2C96E471B1EF76B001918E0 /* LaunchScreen.xib in Resources */ = {isa = PBXBuildFile; fileRef = F2C96E451B1EF76B001918E0 /* LaunchScreen.xib */; };
		F2C96E531B1EF76B001918E0 /* ____Tests.m in Sources */ = {isa = PBXBuildFile; fileRef = F2C96E521B1EF76B001918E0 /* ____Tests.m */; };
		F2D1559A1B1FEEDD008E7E16 /* awe.png in Resources */ = {isa = PBXBuildFile; fileRef = F2D155951B1FEEDD008E7E16 /* awe.png */; };
		F2D1559B1B1FEEDD008E7E16 /* guoQi@2x.png in Resources */ = {isa = PBXBuildFile; fileRef = F2D155961B1FEEDD008E7E16 /* guoQi@2x.png */; };
		F2D1559C1B1FEEDD008E7E16 /* guoQi@3x.png in Resources */ = {isa = PBXBuildFile; fileRef = F2D155971B1FEEDD008E7E16 /* guoQi@3x.png */; };
		F2D1559D1B1FEEDD008E7E16 /* line@2x.png in Resources */ = {isa = PBXBuildFile; fileRef = F2D155981B1FEEDD008E7E16 /* line@2x.png */; };
		F2D1559E1B1FEEDD008E7E16 /* line@3x.png in Resources */ = {isa = PBXBuildFile; fileRef = F2D155991B1FEEDD008E7E16 /* line@3x.png */; };
		F2D155A11B2005D7008E7E16 /* defaultHeadImage@2x.png in Resources */ = {isa = PBXBuildFile; fileRef = F2D1559F1B2005D7008E7E16 /* defaultHeadImage@2x.png */; };
		F2D155A21B2005D7008E7E16 /* defaultHeadImage@3x.png in Resources */ = {isa = PBXBuildFile; fileRef = F2D155A01B2005D7008E7E16 /* defaultHeadImage@3x.png */; };
		F2D155A61B2018F8008E7E16 /* barButton_Search@2x.png in Resources */ = {isa = PBXBuildFile; fileRef = F2D155A51B2018F8008E7E16 /* barButton_Search@2x.png */; };
		F2D155A81B201A07008E7E16 /* barButton_Add@2x.png in Resources */ = {isa = PBXBuildFile; fileRef = F2D155A71B201A07008E7E16 /* barButton_Add@2x.png */; };
		F2D155AD1B201D96008E7E16 /* contactsVC.png in Resources */ = {isa = PBXBuildFile; fileRef = F2D155A91B201D96008E7E16 /* contactsVC.png */; };
		F2D155AE1B201D96008E7E16 /* messageVC.png in Resources */ = {isa = PBXBuildFile; fileRef = F2D155AA1B201D96008E7E16 /* messageVC.png */; };
		F2D155AF1B201D96008E7E16 /* personalVC.png in Resources */ = {isa = PBXBuildFile; fileRef = F2D155AB1B201D96008E7E16 /* personalVC.png */; };
		F2D155B01B201D96008E7E16 /* shareVC.png in Resources */ = {isa = PBXBuildFile; fileRef = F2D155AC1B201D96008E7E16 /* shareVC.png */; };
		F2D155B41B2020CA008E7E16 /* HBPersonalViewController.m in Sources */ = {isa = PBXBuildFile; fileRef = F2D155B31B2020CA008E7E16 /* HBPersonalViewController.m */; };
		F2D155B71B2025EB008E7E16 /* HBMessageTableViewCell.m in Sources */ = {isa = PBXBuildFile; fileRef = F2D155B61B2025EB008E7E16 /* HBMessageTableViewCell.m */; };
		F2D155BA1B202603008E7E16 /* HBContactsTableViewCell.m in Sources */ = {isa = PBXBuildFile; fileRef = F2D155B91B202603008E7E16 /* HBContactsTableViewCell.m */; };
		F2D155BD1B202615008E7E16 /* HBPersonalTableViewCell.m in Sources */ = {isa = PBXBuildFile; fileRef = F2D155BC1B202615008E7E16 /* HBPersonalTableViewCell.m */; };
		F2D155C01B2035AB008E7E16 /* HBUser.m in Sources */ = {isa = PBXBuildFile; fileRef = F2D155BF1B2035AB008E7E16 /* HBUser.m */; };
		F2D155C51B20852D008E7E16 /* HBSearchTableViewController.m in Sources */ = {isa = PBXBuildFile; fileRef = F2D155C41B20852D008E7E16 /* HBSearchTableViewController.m */; };
		F2D155C81B20874F008E7E16 /* HBSearchTableViewCell.m in Sources */ = {isa = PBXBuildFile; fileRef = F2D155C71B20874F008E7E16 /* HBSearchTableViewCell.m */; };
		F2D155CD1B208EB7008E7E16 /* add_Friend@2x.png in Resources */ = {isa = PBXBuildFile; fileRef = F2D155C91B208EB7008E7E16 /* add_Friend@2x.png */; };
		F2D155CE1B208EB7008E7E16 /* add_Friend@3x.png in Resources */ = {isa = PBXBuildFile; fileRef = F2D155CA1B208EB7008E7E16 /* add_Friend@3x.png */; };
		F2D155CF1B208EB7008E7E16 /* newFriend@2x.png in Resources */ = {isa = PBXBuildFile; fileRef = F2D155CB1B208EB7008E7E16 /* newFriend@2x.png */; };
		F2D155D01B208EB7008E7E16 /* newFriend@3x.png in Resources */ = {isa = PBXBuildFile; fileRef = F2D155CC1B208EB7008E7E16 /* newFriend@3x.png */; };
/* End PBXBuildFile section */

/* Begin PBXContainerItemProxy section */
		F2C96E4D1B1EF76B001918E0 /* PBXContainerItemProxy */ = {
			isa = PBXContainerItemProxy;
			containerPortal = F2C96E2B1B1EF76B001918E0 /* Project object */;
			proxyType = 1;
			remoteGlobalIDString = F2C96E321B1EF76B001918E0;
			remoteInfo = "送个东西";
		};
/* End PBXContainerItemProxy section */

/* Begin PBXFileReference section */
		F2912E5A1B1F1A6B00C354F0 /* HBBaseViewController.h */ = {isa = PBXFileReference; fileEncoding = 4; lastKnownFileType = sourcecode.c.h; path = HBBaseViewController.h; sourceTree = "<group>"; };
		F2912E5B1B1F1A6B00C354F0 /* HBBaseViewController.m */ = {isa = PBXFileReference; fileEncoding = 4; lastKnownFileType = sourcecode.c.objc; path = HBBaseViewController.m; sourceTree = "<group>"; };
		F2912E5D1B1F1A9F00C354F0 /* HBBaseNavigationController.h */ = {isa = PBXFileReference; fileEncoding = 4; lastKnownFileType = sourcecode.c.h; path = HBBaseNavigationController.h; sourceTree = "<group>"; };
		F2912E5E1B1F1A9F00C354F0 /* HBBaseNavigationController.m */ = {isa = PBXFileReference; fileEncoding = 4; lastKnownFileType = sourcecode.c.objc; path = HBBaseNavigationController.m; sourceTree = "<group>"; };
		F2912E601B1F1B4900C354F0 /* HBBaseTabBarController.h */ = {isa = PBXFileReference; fileEncoding = 4; lastKnownFileType = sourcecode.c.h; path = HBBaseTabBarController.h; sourceTree = "<group>"; };
		F2912E611B1F1B4900C354F0 /* HBBaseTabBarController.m */ = {isa = PBXFileReference; fileEncoding = 4; lastKnownFileType = sourcecode.c.objc; path = HBBaseTabBarController.m; sourceTree = "<group>"; };
		F2912E661B1F1E7600C354F0 /* 送个东西.pch */ = {isa = PBXFileReference; fileEncoding = 4; lastKnownFileType = sourcecode.c.h; path = "送个东西.pch"; sourceTree = "<group>"; };
		F2912E671B1F215500C354F0 /* HBBaseTableViewController.h */ = {isa = PBXFileReference; fileEncoding = 4; lastKnownFileType = sourcecode.c.h; path = HBBaseTableViewController.h; sourceTree = "<group>"; };
		F2912E681B1F215500C354F0 /* HBBaseTableViewController.m */ = {isa = PBXFileReference; fileEncoding = 4; lastKnownFileType = sourcecode.c.objc; path = HBBaseTableViewController.m; sourceTree = "<group>"; };
		F2912E6A1B1F21B400C354F0 /* HBBaseTableViewCell.h */ = {isa = PBXFileReference; fileEncoding = 4; lastKnownFileType = sourcecode.c.h; path = HBBaseTableViewCell.h; sourceTree = "<group>"; };
		F2912E6B1B1F21B400C354F0 /* HBBaseTableViewCell.m */ = {isa = PBXFileReference; fileEncoding = 4; lastKnownFileType = sourcecode.c.objc; path = HBBaseTableViewCell.m; sourceTree = "<group>"; };
		F2912E6D1B1F2A8E00C354F0 /* HBShareTableViewController.h */ = {isa = PBXFileReference; fileEncoding = 4; lastKnownFileType = sourcecode.c.h; path = HBShareTableViewController.h; sourceTree = "<group>"; };
		F2912E6E1B1F2A8E00C354F0 /* HBShareTableViewController.m */ = {isa = PBXFileReference; fileEncoding = 4; lastKnownFileType = sourcecode.c.objc; path = HBShareTableViewController.m; sourceTree = "<group>"; };
		F2912E701B1F2C1200C354F0 /* HBContactsTableViewController.h */ = {isa = PBXFileReference; fileEncoding = 4; lastKnownFileType = sourcecode.c.h; path = HBContactsTableViewController.h; sourceTree = "<group>"; };
		F2912E711B1F2C1200C354F0 /* HBContactsTableViewController.m */ = {isa = PBXFileReference; fileEncoding = 4; lastKnownFileType = sourcecode.c.objc; path = HBContactsTableViewController.m; sourceTree = "<group>"; };
		F2912E731B1F2C3400C354F0 /* HBMessageTableViewController.h */ = {isa = PBXFileReference; fileEncoding = 4; lastKnownFileType = sourcecode.c.h; path = HBMessageTableViewController.h; sourceTree = "<group>"; };
		F2912E741B1F2C3400C354F0 /* HBMessageTableViewController.m */ = {isa = PBXFileReference; fileEncoding = 4; lastKnownFileType = sourcecode.c.objc; path = HBMessageTableViewController.m; sourceTree = "<group>"; };
		F2912E791B1F334E00C354F0 /* HBShareTableViewCell.h */ = {isa = PBXFileReference; fileEncoding = 4; lastKnownFileType = sourcecode.c.h; path = HBShareTableViewCell.h; sourceTree = "<group>"; };
		F2912E7A1B1F334E00C354F0 /* HBShareTableViewCell.m */ = {isa = PBXFileReference; fileEncoding = 4; lastKnownFileType = sourcecode.c.objc; path = HBShareTableViewCell.m; sourceTree = "<group>"; };
		F2C96E331B1EF76B001918E0 /* 送个东西.app */ = {isa = PBXFileReference; explicitFileType = wrapper.application; includeInIndex = 0; path = "送个东西.app"; sourceTree = BUILT_PRODUCTS_DIR; };
		F2C96E371B1EF76B001918E0 /* Info.plist */ = {isa = PBXFileReference; lastKnownFileType = text.plist.xml; path = Info.plist; sourceTree = "<group>"; };
		F2C96E381B1EF76B001918E0 /* main.m */ = {isa = PBXFileReference; lastKnownFileType = sourcecode.c.objc; path = main.m; sourceTree = "<group>"; };
		F2C96E3A1B1EF76B001918E0 /* AppDelegate.h */ = {isa = PBXFileReference; lastKnownFileType = sourcecode.c.h; path = AppDelegate.h; sourceTree = "<group>"; };
		F2C96E3B1B1EF76B001918E0 /* AppDelegate.m */ = {isa = PBXFileReference; lastKnownFileType = sourcecode.c.objc; path = AppDelegate.m; sourceTree = "<group>"; };
		F2C96E431B1EF76B001918E0 /* Images.xcassets */ = {isa = PBXFileReference; lastKnownFileType = folder.assetcatalog; path = Images.xcassets; sourceTree = "<group>"; };
		F2C96E461B1EF76B001918E0 /* Base */ = {isa = PBXFileReference; lastKnownFileType = file.xib; name = Base; path = Base.lproj/LaunchScreen.xib; sourceTree = "<group>"; };
		F2C96E4C1B1EF76B001918E0 /* 送个东西Tests.xctest */ = {isa = PBXFileReference; explicitFileType = wrapper.cfbundle; includeInIndex = 0; path = "送个东西Tests.xctest"; sourceTree = BUILT_PRODUCTS_DIR; };
		F2C96E511B1EF76B001918E0 /* Info.plist */ = {isa = PBXFileReference; lastKnownFileType = text.plist.xml; path = Info.plist; sourceTree = "<group>"; };
		F2C96E521B1EF76B001918E0 /* ____Tests.m */ = {isa = PBXFileReference; lastKnownFileType = sourcecode.c.objc; path = "____Tests.m"; sourceTree = "<group>"; };
		F2D155951B1FEEDD008E7E16 /* awe.png */ = {isa = PBXFileReference; lastKnownFileType = image.png; path = awe.png; sourceTree = "<group>"; };
		F2D155961B1FEEDD008E7E16 /* guoQi@2x.png */ = {isa = PBXFileReference; lastKnownFileType = image.png; path = "guoQi@2x.png"; sourceTree = "<group>"; };
		F2D155971B1FEEDD008E7E16 /* guoQi@3x.png */ = {isa = PBXFileReference; lastKnownFileType = image.png; path = "guoQi@3x.png"; sourceTree = "<group>"; };
		F2D155981B1FEEDD008E7E16 /* line@2x.png */ = {isa = PBXFileReference; lastKnownFileType = image.png; path = "line@2x.png"; sourceTree = "<group>"; };
		F2D155991B1FEEDD008E7E16 /* line@3x.png */ = {isa = PBXFileReference; lastKnownFileType = image.png; path = "line@3x.png"; sourceTree = "<group>"; };
		F2D1559F1B2005D7008E7E16 /* defaultHeadImage@2x.png */ = {isa = PBXFileReference; lastKnownFileType = image.png; path = "defaultHeadImage@2x.png"; sourceTree = "<group>"; };
		F2D155A01B2005D7008E7E16 /* defaultHeadImage@3x.png */ = {isa = PBXFileReference; lastKnownFileType = image.png; path = "defaultHeadImage@3x.png"; sourceTree = "<group>"; };
		F2D155A51B2018F8008E7E16 /* barButton_Search@2x.png */ = {isa = PBXFileReference; lastKnownFileType = image.png; path = "barButton_Search@2x.png"; sourceTree = "<group>"; };
		F2D155A71B201A07008E7E16 /* barButton_Add@2x.png */ = {isa = PBXFileReference; lastKnownFileType = image.png; path = "barButton_Add@2x.png"; sourceTree = "<group>"; };
		F2D155A91B201D96008E7E16 /* contactsVC.png */ = {isa = PBXFileReference; lastKnownFileType = image.png; path = contactsVC.png; sourceTree = "<group>"; };
		F2D155AA1B201D96008E7E16 /* messageVC.png */ = {isa = PBXFileReference; lastKnownFileType = image.png; path = messageVC.png; sourceTree = "<group>"; };
		F2D155AB1B201D96008E7E16 /* personalVC.png */ = {isa = PBXFileReference; lastKnownFileType = image.png; path = personalVC.png; sourceTree = "<group>"; };
		F2D155AC1B201D96008E7E16 /* shareVC.png */ = {isa = PBXFileReference; lastKnownFileType = image.png; path = shareVC.png; sourceTree = "<group>"; };
		F2D155B21B2020CA008E7E16 /* HBPersonalViewController.h */ = {isa = PBXFileReference; fileEncoding = 4; lastKnownFileType = sourcecode.c.h; path = HBPersonalViewController.h; sourceTree = "<group>"; };
		F2D155B31B2020CA008E7E16 /* HBPersonalViewController.m */ = {isa = PBXFileReference; fileEncoding = 4; lastKnownFileType = sourcecode.c.objc; path = HBPersonalViewController.m; sourceTree = "<group>"; };
		F2D155B51B2025EB008E7E16 /* HBMessageTableViewCell.h */ = {isa = PBXFileReference; fileEncoding = 4; lastKnownFileType = sourcecode.c.h; path = HBMessageTableViewCell.h; sourceTree = "<group>"; };
		F2D155B61B2025EB008E7E16 /* HBMessageTableViewCell.m */ = {isa = PBXFileReference; fileEncoding = 4; lastKnownFileType = sourcecode.c.objc; path = HBMessageTableViewCell.m; sourceTree = "<group>"; };
		F2D155B81B202603008E7E16 /* HBContactsTableViewCell.h */ = {isa = PBXFileReference; fileEncoding = 4; lastKnownFileType = sourcecode.c.h; path = HBContactsTableViewCell.h; sourceTree = "<group>"; };
		F2D155B91B202603008E7E16 /* HBContactsTableViewCell.m */ = {isa = PBXFileReference; fileEncoding = 4; lastKnownFileType = sourcecode.c.objc; path = HBContactsTableViewCell.m; sourceTree = "<group>"; };
		F2D155BB1B202615008E7E16 /* HBPersonalTableViewCell.h */ = {isa = PBXFileReference; fileEncoding = 4; lastKnownFileType = sourcecode.c.h; path = HBPersonalTableViewCell.h; sourceTree = "<group>"; };
		F2D155BC1B202615008E7E16 /* HBPersonalTableViewCell.m */ = {isa = PBXFileReference; fileEncoding = 4; lastKnownFileType = sourcecode.c.objc; path = HBPersonalTableViewCell.m; sourceTree = "<group>"; };
		F2D155BE1B2035AB008E7E16 /* HBUser.h */ = {isa = PBXFileReference; fileEncoding = 4; lastKnownFileType = sourcecode.c.h; path = HBUser.h; sourceTree = "<group>"; };
		F2D155BF1B2035AB008E7E16 /* HBUser.m */ = {isa = PBXFileReference; fileEncoding = 4; lastKnownFileType = sourcecode.c.objc; path = HBUser.m; sourceTree = "<group>"; };
		F2D155C31B20852D008E7E16 /* HBSearchTableViewController.h */ = {isa = PBXFileReference; fileEncoding = 4; lastKnownFileType = sourcecode.c.h; path = HBSearchTableViewController.h; sourceTree = "<group>"; };
		F2D155C41B20852D008E7E16 /* HBSearchTableViewController.m */ = {isa = PBXFileReference; fileEncoding = 4; lastKnownFileType = sourcecode.c.objc; path = HBSearchTableViewController.m; sourceTree = "<group>"; };
		F2D155C61B20874F008E7E16 /* HBSearchTableViewCell.h */ = {isa = PBXFileReference; fileEncoding = 4; lastKnownFileType = sourcecode.c.h; path = HBSearchTableViewCell.h; sourceTree = "<group>"; };
		F2D155C71B20874F008E7E16 /* HBSearchTableViewCell.m */ = {isa = PBXFileReference; fileEncoding = 4; lastKnownFileType = sourcecode.c.objc; path = HBSearchTableViewCell.m; sourceTree = "<group>"; };
		F2D155C91B208EB7008E7E16 /* add_Friend@2x.png */ = {isa = PBXFileReference; lastKnownFileType = image.png; path = "add_Friend@2x.png"; sourceTree = "<group>"; };
		F2D155CA1B208EB7008E7E16 /* add_Friend@3x.png */ = {isa = PBXFileReference; lastKnownFileType = image.png; path = "add_Friend@3x.png"; sourceTree = "<group>"; };
		F2D155CB1B208EB7008E7E16 /* newFriend@2x.png */ = {isa = PBXFileReference; lastKnownFileType = image.png; path = "newFriend@2x.png"; sourceTree = "<group>"; };
		F2D155CC1B208EB7008E7E16 /* newFriend@3x.png */ = {isa = PBXFileReference; lastKnownFileType = image.png; path = "newFriend@3x.png"; sourceTree = "<group>"; };
/* End PBXFileReference section */

/* Begin PBXFrameworksBuildPhase section */
		F2C96E301B1EF76B001918E0 /* Frameworks */ = {
			isa = PBXFrameworksBuildPhase;
			buildActionMask = 2147483647;
			files = (
			);
			runOnlyForDeploymentPostprocessing = 0;
		};
		F2C96E491B1EF76B001918E0 /* Frameworks */ = {
			isa = PBXFrameworksBuildPhase;
			buildActionMask = 2147483647;
			files = (
			);
			runOnlyForDeploymentPostprocessing = 0;
		};
/* End PBXFrameworksBuildPhase section */

/* Begin PBXGroup section */
		F2912E591B1F1A0B00C354F0 /* HBBase */ = {
			isa = PBXGroup;
			children = (
				F2912E5A1B1F1A6B00C354F0 /* HBBaseViewController.h */,
				F2912E5B1B1F1A6B00C354F0 /* HBBaseViewController.m */,
				F2912E671B1F215500C354F0 /* HBBaseTableViewController.h */,
				F2912E681B1F215500C354F0 /* HBBaseTableViewController.m */,
				F2912E6A1B1F21B400C354F0 /* HBBaseTableViewCell.h */,
				F2912E6B1B1F21B400C354F0 /* HBBaseTableViewCell.m */,
				F2912E5D1B1F1A9F00C354F0 /* HBBaseNavigationController.h */,
				F2912E5E1B1F1A9F00C354F0 /* HBBaseNavigationController.m */,
				F2912E601B1F1B4900C354F0 /* HBBaseTabBarController.h */,
				F2912E611B1F1B4900C354F0 /* HBBaseTabBarController.m */,
			);
			name = HBBase;
			sourceTree = "<group>";
		};
		F2912E631B1F1BE800C354F0 /* Message */ = {
			isa = PBXGroup;
			children = (
				F2912E731B1F2C3400C354F0 /* HBMessageTableViewController.h */,
				F2912E741B1F2C3400C354F0 /* HBMessageTableViewController.m */,
				F2D155B51B2025EB008E7E16 /* HBMessageTableViewCell.h */,
				F2D155B61B2025EB008E7E16 /* HBMessageTableViewCell.m */,
			);
			name = Message;
			sourceTree = "<group>";
		};
		F2912E641B1F1C3A00C354F0 /* Contacts */ = {
			isa = PBXGroup;
			children = (
				F2912E701B1F2C1200C354F0 /* HBContactsTableViewController.h */,
				F2912E711B1F2C1200C354F0 /* HBContactsTableViewController.m */,
				F2D155B81B202603008E7E16 /* HBContactsTableViewCell.h */,
				F2D155B91B202603008E7E16 /* HBContactsTableViewCell.m */,
			);
			name = Contacts;
			sourceTree = "<group>";
		};
		F2912E651B1F1C4B00C354F0 /* Share */ = {
			isa = PBXGroup;
			children = (
				F2912E6D1B1F2A8E00C354F0 /* HBShareTableViewController.h */,
				F2912E6E1B1F2A8E00C354F0 /* HBShareTableViewController.m */,
				F2912E791B1F334E00C354F0 /* HBShareTableViewCell.h */,
				F2912E7A1B1F334E00C354F0 /* HBShareTableViewCell.m */,
			);
			name = Share;
			sourceTree = "<group>";
		};
		F2C96E2A1B1EF76B001918E0 = {
			isa = PBXGroup;
			children = (
				F2C96E351B1EF76B001918E0 /* 送个东西 */,
				F2C96E4F1B1EF76B001918E0 /* 送个东西Tests */,
				F2C96E341B1EF76B001918E0 /* Products */,
			);
			sourceTree = "<group>";
		};
		F2C96E341B1EF76B001918E0 /* Products */ = {
			isa = PBXGroup;
			children = (
				F2C96E331B1EF76B001918E0 /* 送个东西.app */,
				F2C96E4C1B1EF76B001918E0 /* 送个东西Tests.xctest */,
			);
			name = Products;
			sourceTree = "<group>";
		};
		F2C96E351B1EF76B001918E0 /* 送个东西 */ = {
			isa = PBXGroup;
			children = (
				F2C96E3A1B1EF76B001918E0 /* AppDelegate.h */,
				F2C96E3B1B1EF76B001918E0 /* AppDelegate.m */,
				F2912E661B1F1E7600C354F0 /* 送个东西.pch */,
				F2C96E431B1EF76B001918E0 /* Images.xcassets */,
				F2C96E451B1EF76B001918E0 /* LaunchScreen.xib */,
				F2912E631B1F1BE800C354F0 /* Message */,
				F2912E641B1F1C3A00C354F0 /* Contacts */,
				F2912E651B1F1C4B00C354F0 /* Share */,
				F2D155B11B202030008E7E16 /* Personal */,
				F2D155C21B2084DB008E7E16 /* SearchVC */,
				F2D155941B1FEEDD008E7E16 /* Resources */,
				F2912E591B1F1A0B00C354F0 /* HBBase */,
				F2D155C11B2035B9008E7E16 /* HBTool */,
				F2C96E361B1EF76B001918E0 /* Supporting Files */,
			);
			path = "送个东西";
			sourceTree = "<group>";
		};
		F2C96E361B1EF76B001918E0 /* Supporting Files */ = {
			isa = PBXGroup;
			children = (
				F2C96E371B1EF76B001918E0 /* Info.plist */,
				F2C96E381B1EF76B001918E0 /* main.m */,
			);
			name = "Supporting Files";
			sourceTree = "<group>";
		};
		F2C96E4F1B1EF76B001918E0 /* 送个东西Tests */ = {
			isa = PBXGroup;
			children = (
				F2C96E521B1EF76B001918E0 /* ____Tests.m */,
				F2C96E501B1EF76B001918E0 /* Supporting Files */,
			);
			path = "送个东西Tests";
			sourceTree = "<group>";
		};
		F2C96E501B1EF76B001918E0 /* Supporting Files */ = {
			isa = PBXGroup;
			children = (
				F2C96E511B1EF76B001918E0 /* Info.plist */,
			);
			name = "Supporting Files";
			sourceTree = "<group>";
		};
		F2D155941B1FEEDD008E7E16 /* Resources */ = {
			isa = PBXGroup;
			children = (
				F2D155C91B208EB7008E7E16 /* add_Friend@2x.png */,
				F2D155CA1B208EB7008E7E16 /* add_Friend@3x.png */,
				F2D155CB1B208EB7008E7E16 /* newFriend@2x.png */,
				F2D155CC1B208EB7008E7E16 /* newFriend@3x.png */,
				F2D155A91B201D96008E7E16 /* contactsVC.png */,
				F2D155AA1B201D96008E7E16 /* messageVC.png */,
				F2D155AB1B201D96008E7E16 /* personalVC.png */,
				F2D155AC1B201D96008E7E16 /* shareVC.png */,
				F2D155A51B2018F8008E7E16 /* barButton_Search@2x.png */,
				F2D155A71B201A07008E7E16 /* barButton_Add@2x.png */,
				F2D1559F1B2005D7008E7E16 /* defaultHeadImage@2x.png */,
				F2D155A01B2005D7008E7E16 /* defaultHeadImage@3x.png */,
				F2D155951B1FEEDD008E7E16 /* awe.png */,
				F2D155961B1FEEDD008E7E16 /* guoQi@2x.png */,
				F2D155971B1FEEDD008E7E16 /* guoQi@3x.png */,
				F2D155981B1FEEDD008E7E16 /* line@2x.png */,
				F2D155991B1FEEDD008E7E16 /* line@3x.png */,
			);
			path = Resources;
			sourceTree = "<group>";
		};
		F2D155B11B202030008E7E16 /* Personal */ = {
			isa = PBXGroup;
			children = (
				F2D155B21B2020CA008E7E16 /* HBPersonalViewController.h */,
				F2D155B31B2020CA008E7E16 /* HBPersonalViewController.m */,
				F2D155BB1B202615008E7E16 /* HBPersonalTableViewCell.h */,
				F2D155BC1B202615008E7E16 /* HBPersonalTableViewCell.m */,
			);
			name = Personal;
			sourceTree = "<group>";
		};
		F2D155C11B2035B9008E7E16 /* HBTool */ = {
			isa = PBXGroup;
			children = (
				F2D155BE1B2035AB008E7E16 /* HBUser.h */,
				F2D155BF1B2035AB008E7E16 /* HBUser.m */,
			);
			name = HBTool;
			sourceTree = "<group>";
		};
		F2D155C21B2084DB008E7E16 /* SearchVC */ = {
			isa = PBXGroup;
			children = (
				F2D155C31B20852D008E7E16 /* HBSearchTableViewController.h */,
				F2D155C41B20852D008E7E16 /* HBSearchTableViewController.m */,
				F2D155C61B20874F008E7E16 /* HBSearchTableViewCell.h */,
				F2D155C71B20874F008E7E16 /* HBSearchTableViewCell.m */,
			);
			name = SearchVC;
			sourceTree = "<group>";
		};
/* End PBXGroup section */

/* Begin PBXNativeTarget section */
		F2C96E321B1EF76B001918E0 /* 送个东西 */ = {
			isa = PBXNativeTarget;
			buildConfigurationList = F2C96E561B1EF76B001918E0 /* Build configuration list for PBXNativeTarget "送个东西" */;
			buildPhases = (
				F2C96E2F1B1EF76B001918E0 /* Sources */,
				F2C96E301B1EF76B001918E0 /* Frameworks */,
				F2C96E311B1EF76B001918E0 /* Resources */,
			);
			buildRules = (
			);
			dependencies = (
			);
			name = "送个东西";
			productName = "送个东西";
			productReference = F2C96E331B1EF76B001918E0 /* 送个东西.app */;
			productType = "com.apple.product-type.application";
		};
		F2C96E4B1B1EF76B001918E0 /* 送个东西Tests */ = {
			isa = PBXNativeTarget;
			buildConfigurationList = F2C96E591B1EF76B001918E0 /* Build configuration list for PBXNativeTarget "送个东西Tests" */;
			buildPhases = (
				F2C96E481B1EF76B001918E0 /* Sources */,
				F2C96E491B1EF76B001918E0 /* Frameworks */,
				F2C96E4A1B1EF76B001918E0 /* Resources */,
			);
			buildRules = (
			);
			dependencies = (
				F2C96E4E1B1EF76B001918E0 /* PBXTargetDependency */,
			);
			name = "送个东西Tests";
			productName = "送个东西Tests";
			productReference = F2C96E4C1B1EF76B001918E0 /* 送个东西Tests.xctest */;
			productType = "com.apple.product-type.bundle.unit-test";
		};
/* End PBXNativeTarget section */

/* Begin PBXProject section */
		F2C96E2B1B1EF76B001918E0 /* Project object */ = {
			isa = PBXProject;
			attributes = {
				LastUpgradeCheck = 0630;
				ORGANIZATIONNAME = "蒋宽";
				TargetAttributes = {
					F2C96E321B1EF76B001918E0 = {
						CreatedOnToolsVersion = 6.3.2;
						DevelopmentTeam = 446TJKMYTG;
						SystemCapabilities = {
							com.apple.BackgroundModes = {
								enabled = 1;
							};
						};
					};
					F2C96E4B1B1EF76B001918E0 = {
						CreatedOnToolsVersion = 6.3.2;
						TestTargetID = F2C96E321B1EF76B001918E0;
					};
				};
			};
			buildConfigurationList = F2C96E2E1B1EF76B001918E0 /* Build configuration list for PBXProject "送个东西" */;
			compatibilityVersion = "Xcode 3.2";
			developmentRegion = English;
			hasScannedForEncodings = 0;
			knownRegions = (
				en,
				Base,
			);
			mainGroup = F2C96E2A1B1EF76B001918E0;
			productRefGroup = F2C96E341B1EF76B001918E0 /* Products */;
			projectDirPath = "";
			projectRoot = "";
			targets = (
				F2C96E321B1EF76B001918E0 /* 送个东西 */,
				F2C96E4B1B1EF76B001918E0 /* 送个东西Tests */,
			);
		};
/* End PBXProject section */

/* Begin PBXResourcesBuildPhase section */
		F2C96E311B1EF76B001918E0 /* Resources */ = {
			isa = PBXResourcesBuildPhase;
			buildActionMask = 2147483647;
			files = (
				F2D1559A1B1FEEDD008E7E16 /* awe.png in Resources */,
				F2D1559E1B1FEEDD008E7E16 /* line@3x.png in Resources */,
				F2D155A61B2018F8008E7E16 /* barButton_Search@2x.png in Resources */,
				F2D155CE1B208EB7008E7E16 /* add_Friend@3x.png in Resources */,
				F2D155D01B208EB7008E7E16 /* newFriend@3x.png in Resources */,
				F2D1559C1B1FEEDD008E7E16 /* guoQi@3x.png in Resources */,
				F2C96E471B1EF76B001918E0 /* LaunchScreen.xib in Resources */,
				F2D155AF1B201D96008E7E16 /* personalVC.png in Resources */,
				F2D1559B1B1FEEDD008E7E16 /* guoQi@2x.png in Resources */,
				F2D1559D1B1FEEDD008E7E16 /* line@2x.png in Resources */,
				F2D155A81B201A07008E7E16 /* barButton_Add@2x.png in Resources */,
				F2D155A21B2005D7008E7E16 /* defaultHeadImage@3x.png in Resources */,
				F2D155CF1B208EB7008E7E16 /* newFriend@2x.png in Resources */,
				F2D155B01B201D96008E7E16 /* shareVC.png in Resources */,
				F2D155AD1B201D96008E7E16 /* contactsVC.png in Resources */,
				F2D155A11B2005D7008E7E16 /* defaultHeadImage@2x.png in Resources */,
				F2C96E441B1EF76B001918E0 /* Images.xcassets in Resources */,
				F2D155CD1B208EB7008E7E16 /* add_Friend@2x.png in Resources */,
				F2D155AE1B201D96008E7E16 /* messageVC.png in Resources */,
			);
			runOnlyForDeploymentPostprocessing = 0;
		};
		F2C96E4A1B1EF76B001918E0 /* Resources */ = {
			isa = PBXResourcesBuildPhase;
			buildActionMask = 2147483647;
			files = (
			);
			runOnlyForDeploymentPostprocessing = 0;
		};
/* End PBXResourcesBuildPhase section */

/* Begin PBXSourcesBuildPhase section */
		F2C96E2F1B1EF76B001918E0 /* Sources */ = {
			isa = PBXSourcesBuildPhase;
			buildActionMask = 2147483647;
			files = (
				F2912E5C1B1F1A6B00C354F0 /* HBBaseViewController.m in Sources */,
				F2C96E3C1B1EF76B001918E0 /* AppDelegate.m in Sources */,
				F2912E7B1B1F334E00C354F0 /* HBShareTableViewCell.m in Sources */,
				F2912E621B1F1B4900C354F0 /* HBBaseTabBarController.m in Sources */,
				F2912E6C1B1F21B400C354F0 /* HBBaseTableViewCell.m in Sources */,
				F2912E751B1F2C3400C354F0 /* HBMessageTableViewController.m in Sources */,
				F2D155B41B2020CA008E7E16 /* HBPersonalViewController.m in Sources */,
				F2D155B71B2025EB008E7E16 /* HBMessageTableViewCell.m in Sources */,
				F2D155BA1B202603008E7E16 /* HBContactsTableViewCell.m in Sources */,
				F2D155C81B20874F008E7E16 /* HBSearchTableViewCell.m in Sources */,
				F2912E721B1F2C1200C354F0 /* HBContactsTableViewController.m in Sources */,
				F2C96E391B1EF76B001918E0 /* main.m in Sources */,
				F2912E691B1F215500C354F0 /* HBBaseTableViewController.m in Sources */,
				F2D155C01B2035AB008E7E16 /* HBUser.m in Sources */,
				F2D155C51B20852D008E7E16 /* HBSearchTableViewController.m in Sources */,
				F2D155BD1B202615008E7E16 /* HBPersonalTableViewCell.m in Sources */,
				F2912E6F1B1F2A8E00C354F0 /* HBShareTableViewController.m in Sources */,
				F2912E5F1B1F1A9F00C354F0 /* HBBaseNavigationController.m in Sources */,
			);
			runOnlyForDeploymentPostprocessing = 0;
		};
		F2C96E481B1EF76B001918E0 /* Sources */ = {
			isa = PBXSourcesBuildPhase;
			buildActionMask = 2147483647;
			files = (
				F2C96E531B1EF76B001918E0 /* ____Tests.m in Sources */,
			);
			runOnlyForDeploymentPostprocessing = 0;
		};
/* End PBXSourcesBuildPhase section */

/* Begin PBXTargetDependency section */
		F2C96E4E1B1EF76B001918E0 /* PBXTargetDependency */ = {
			isa = PBXTargetDependency;
			target = F2C96E321B1EF76B001918E0 /* 送个东西 */;
			targetProxy = F2C96E4D1B1EF76B001918E0 /* PBXContainerItemProxy */;
		};
/* End PBXTargetDependency section */

/* Begin PBXVariantGroup section */
		F2C96E451B1EF76B001918E0 /* LaunchScreen.xib */ = {
			isa = PBXVariantGroup;
			children = (
				F2C96E461B1EF76B001918E0 /* Base */,
			);
			name = LaunchScreen.xib;
			sourceTree = "<group>";
		};
/* End PBXVariantGroup section */

/* Begin XCBuildConfiguration section */
		F2C96E541B1EF76B001918E0 /* Debug */ = {
			isa = XCBuildConfiguration;
			buildSettings = {
				ALWAYS_SEARCH_USER_PATHS = NO;
				CLANG_CXX_LANGUAGE_STANDARD = "gnu++0x";
				CLANG_CXX_LIBRARY = "libc++";
				CLANG_ENABLE_MODULES = YES;
				CLANG_ENABLE_OBJC_ARC = YES;
				CLANG_WARN_BOOL_CONVERSION = YES;
				CLANG_WARN_CONSTANT_CONVERSION = YES;
				CLANG_WARN_DIRECT_OBJC_ISA_USAGE = YES_ERROR;
				CLANG_WARN_EMPTY_BODY = YES;
				CLANG_WARN_ENUM_CONVERSION = YES;
				CLANG_WARN_INT_CONVERSION = YES;
				CLANG_WARN_OBJC_ROOT_CLASS = YES_ERROR;
				CLANG_WARN_UNREACHABLE_CODE = YES;
				CLANG_WARN__DUPLICATE_METHOD_MATCH = YES;
				"CODE_SIGN_IDENTITY[sdk=iphoneos*]" = "iPhone Developer";
				COPY_PHASE_STRIP = NO;
				DEBUG_INFORMATION_FORMAT = "dwarf-with-dsym";
				ENABLE_STRICT_OBJC_MSGSEND = YES;
				GCC_C_LANGUAGE_STANDARD = gnu99;
				GCC_DYNAMIC_NO_PIC = NO;
				GCC_NO_COMMON_BLOCKS = YES;
				GCC_OPTIMIZATION_LEVEL = 0;
				GCC_PREPROCESSOR_DEFINITIONS = (
					"DEBUG=1",
					"$(inherited)",
				);
				GCC_SYMBOLS_PRIVATE_EXTERN = NO;
				GCC_WARN_64_TO_32_BIT_CONVERSION = YES;
				GCC_WARN_ABOUT_RETURN_TYPE = YES_ERROR;
				GCC_WARN_UNDECLARED_SELECTOR = YES;
				GCC_WARN_UNINITIALIZED_AUTOS = YES_AGGRESSIVE;
				GCC_WARN_UNUSED_FUNCTION = YES;
				GCC_WARN_UNUSED_VARIABLE = YES;
				IPHONEOS_DEPLOYMENT_TARGET = 8.3;
				MTL_ENABLE_DEBUG_INFO = YES;
				ONLY_ACTIVE_ARCH = YES;
				SDKROOT = iphoneos;
			};
			name = Debug;
		};
		F2C96E551B1EF76B001918E0 /* Release */ = {
			isa = XCBuildConfiguration;
			buildSettings = {
				ALWAYS_SEARCH_USER_PATHS = NO;
				CLANG_CXX_LANGUAGE_STANDARD = "gnu++0x";
				CLANG_CXX_LIBRARY = "libc++";
				CLANG_ENABLE_MODULES = YES;
				CLANG_ENABLE_OBJC_ARC = YES;
				CLANG_WARN_BOOL_CONVERSION = YES;
				CLANG_WARN_CONSTANT_CONVERSION = YES;
				CLANG_WARN_DIRECT_OBJC_ISA_USAGE = YES_ERROR;
				CLANG_WARN_EMPTY_BODY = YES;
				CLANG_WARN_ENUM_CONVERSION = YES;
				CLANG_WARN_INT_CONVERSION = YES;
				CLANG_WARN_OBJC_ROOT_CLASS = YES_ERROR;
				CLANG_WARN_UNREACHABLE_CODE = YES;
				CLANG_WARN__DUPLICATE_METHOD_MATCH = YES;
				"CODE_SIGN_IDENTITY[sdk=iphoneos*]" = "iPhone Developer";
				COPY_PHASE_STRIP = NO;
				DEBUG_INFORMATION_FORMAT = "dwarf-with-dsym";
				ENABLE_NS_ASSERTIONS = NO;
				ENABLE_STRICT_OBJC_MSGSEND = YES;
				GCC_C_LANGUAGE_STANDARD = gnu99;
				GCC_NO_COMMON_BLOCKS = YES;
				GCC_WARN_64_TO_32_BIT_CONVERSION = YES;
				GCC_WARN_ABOUT_RETURN_TYPE = YES_ERROR;
				GCC_WARN_UNDECLARED_SELECTOR = YES;
				GCC_WARN_UNINITIALIZED_AUTOS = YES_AGGRESSIVE;
				GCC_WARN_UNUSED_FUNCTION = YES;
				GCC_WARN_UNUSED_VARIABLE = YES;
				IPHONEOS_DEPLOYMENT_TARGET = 8.3;
				MTL_ENABLE_DEBUG_INFO = NO;
				SDKROOT = iphoneos;
				VALIDATE_PRODUCT = YES;
			};
			name = Release;
		};
		F2C96E571B1EF76B001918E0 /* Debug */ = {
			isa = XCBuildConfiguration;
			buildSettings = {
				ASSETCATALOG_COMPILER_APPICON_NAME = AppIcon;
				CODE_SIGN_IDENTITY = "iPhone Developer";
				GCC_INCREASE_PRECOMPILED_HEADER_SHARING = NO;
				GCC_PREFIX_HEADER = "$(SRCROOT)/送个东西/送个东西.pch";
				INFOPLIST_FILE = "送个东西/Info.plist";
				IPHONEOS_DEPLOYMENT_TARGET = 7.1;
				LD_RUNPATH_SEARCH_PATHS = "$(inherited) @executable_path/Frameworks";
				PRODUCT_NAME = "$(TARGET_NAME)";
			};
			name = Debug;
		};
		F2C96E581B1EF76B001918E0 /* Release */ = {
			isa = XCBuildConfiguration;
			buildSettings = {
				ASSETCATALOG_COMPILER_APPICON_NAME = AppIcon;
				CODE_SIGN_IDENTITY = "iPhone Developer";
				GCC_INCREASE_PRECOMPILED_HEADER_SHARING = NO;
				GCC_PREFIX_HEADER = "$(SRCROOT)/送个东西/送个东西.pch";
				INFOPLIST_FILE = "送个东西/Info.plist";
				IPHONEOS_DEPLOYMENT_TARGET = 7.1;
				LD_RUNPATH_SEARCH_PATHS = "$(inherited) @executable_path/Frameworks";
				PRODUCT_NAME = "$(TARGET_NAME)";
			};
			name = Release;
		};
		F2C96E5A1B1EF76B001918E0 /* Debug */ = {
			isa = XCBuildConfiguration;
			buildSettings = {
				BUNDLE_LOADER = "$(TEST_HOST)";
				FRAMEWORK_SEARCH_PATHS = (
					"$(SDKROOT)/Developer/Library/Frameworks",
					"$(inherited)",
				);
				GCC_PREPROCESSOR_DEFINITIONS = (
					"DEBUG=1",
					"$(inherited)",
				);
				INFOPLIST_FILE = "送个东西Tests/Info.plist";
				LD_RUNPATH_SEARCH_PATHS = "$(inherited) @executable_path/Frameworks @loader_path/Frameworks";
				PRODUCT_NAME = "$(TARGET_NAME)";
				TEST_HOST = "$(BUILT_PRODUCTS_DIR)/送个东西.app/送个东西";
			};
			name = Debug;
		};
		F2C96E5B1B1EF76B001918E0 /* Release */ = {
			isa = XCBuildConfiguration;
			buildSettings = {
				BUNDLE_LOADER = "$(TEST_HOST)";
				FRAMEWORK_SEARCH_PATHS = (
					"$(SDKROOT)/Developer/Library/Frameworks",
					"$(inherited)",
				);
				INFOPLIST_FILE = "送个东西Tests/Info.plist";
				LD_RUNPATH_SEARCH_PATHS = "$(inherited) @executable_path/Frameworks @loader_path/Frameworks";
				PRODUCT_NAME = "$(TARGET_NAME)";
				TEST_HOST = "$(BUILT_PRODUCTS_DIR)/送个东西.app/送个东西";
			};
			name = Release;
		};
/* End XCBuildConfiguration section */

/* Begin XCConfigurationList section */
		F2C96E2E1B1EF76B001918E0 /* Build configuration list for PBXProject "送个东西" */ = {
			isa = XCConfigurationList;
			buildConfigurations = (
				F2C96E541B1EF76B001918E0 /* Debug */,
				F2C96E551B1EF76B001918E0 /* Release */,
			);
			defaultConfigurationIsVisible = 0;
			defaultConfigurationName = Release;
		};
		F2C96E561B1EF76B001918E0 /* Build configuration list for PBXNativeTarget "送个东西" */ = {
			isa = XCConfigurationList;
			buildConfigurations = (
				F2C96E571B1EF76B001918E0 /* Debug */,
				F2C96E581B1EF76B001918E0 /* Release */,
			);
			defaultConfigurationIsVisible = 0;
			defaultConfigurationName = Release;
		};
		F2C96E591B1EF76B001918E0 /* Build configuration list for PBXNativeTarget "送个东西Tests" */ = {
			isa = XCConfigurationList;
			buildConfigurations = (
				F2C96E5A1B1EF76B001918E0 /* Debug */,
				F2C96E5B1B1EF76B001918E0 /* Release */,
			);
			defaultConfigurationIsVisible = 0;
			defaultConfigurationName = Release;
		};
/* End XCConfigurationList section */
	};
	rootObject = F2C96E2B1B1EF76B001918E0 /* Project object */;
}
